
Microsoft Visual Studio Solution File, Format Version 12.00
# Visual Studio Version 16
VisualStudioVersion = 16.0.32228.343
MinimumVisualStudioVersion = 10.0.40219.1
Project("{FAE04EC0-301F-11D3-BF4B-00C04F79EFBC}") = "ConsoleAppBMd302Lab", "ConsoleAppBMd302Lab\ConsoleAppBMd302Lab.csproj", "{EAB46958-AE30-438F-83E7-C2B1FF70CB1D}"
EndProject
Project("{FAE04EC0-301F-11D3-BF4B-00C04F79EFBC}") = "ConsoleApp2", "ConsoleApp2\ConsoleApp2.csproj", "{FD052D68-A080-44F8-A3D8-A8D42C7DBD26}"
EndProject
Project("{FAE04EC0-301F-11D3-BF4B-00C04F79EFBC}") = "WindowsFormsApp1_connected to database", "WindowsFormsApp1_connected to database\WindowsFormsApp1_connected to database.csproj", "{ACC0C239-51DE-4240-B395-A052A941C1DF}"
EndProject
Project("{FAE04EC0-301F-11D3-BF4B-00C04F79EFBC}") = "WindowsFormsApp1", "WindowsFormsApp1\WindowsFormsApp1.csproj", "{95513585-251C-46C7-8C38-AE88974D8CD9}"
EndProject
Global
	GlobalSection(SolutionConfigurationPlatforms) = preSolution
		Debug|Any CPU = Debug|Any CPU
		Release|Any CPU = Release|Any CPU
	EndGlobalSection
	GlobalSection(ProjectConfigurationPlatforms) = postSolution
		{EAB46958-AE30-438F-83E7-C2B1FF70CB1D}.Debug|Any CPU.ActiveCfg = Debug|Any CPU
		{EAB46958-AE30-438F-83E7-C2B1FF70CB1D}.Debug|Any CPU.Build.0 = Debug|Any CPU
		{EAB46958-AE30-438F-83E7-C2B1FF70CB1D}.Release|Any CPU.ActiveCfg = Release|Any CPU
		{EAB46958-AE30-438F-83E7-C2B1FF70CB1D}.Release|Any CPU.Build.0 = Release|Any CPU
		{FD052D68-A080-44F8-A3D8-A8D42C7DBD26}.Debug|Any CPU.ActiveCfg = Debug|Any CPU
		{FD052D68-A080-44F8-A3D8-A8D42C7DBD26}.Debug|Any CPU.Build.0 = Debug|Any CPU
		{FD052D68-A080-44F8-A3D8-A8D42C7DBD26}.Release|Any CPU.ActiveCfg = Release|Any CPU
		{FD052D68-A080-44F8-A3D8-A8D42C7DBD26}.Release|Any CPU.Build.0 = Release|Any CPU
		{ACC0C239-51DE-4240-B395-A052A941C1DF}.Debug|Any CPU.ActiveCfg = Debug|Any CPU
		{ACC0C239-51DE-4240-B395-A052A941C1DF}.Debug|Any CPU.Build.0 = Debug|Any CPU
		{ACC0C239-51DE-4240-B395-A052A941C1DF}.Release|Any CPU.ActiveCfg = Release|Any CPU
		{ACC0C239-51DE-4240-B395-A052A941C1DF}.Release|Any CPU.Build.0 = Release|Any CPU
		{95513585-251C-46C7-8C38-AE88974D8CD9}.Debug|Any CPU.ActiveCfg = Debug|Any CPU
		{95513585-251C-46C7-8C38-AE88974D8CD9}.Debug|Any CPU.Build.0 = Debug|Any CPU
		{95513585-251C-46C7-8C38-AE88974D8CD9}.Release|Any CPU.ActiveCfg = Release|Any CPU
		{95513585-251C-46C7-8C38-AE88974D8CD9}.Release|Any CPU.Build.0 = Release|Any CPU
	EndGlobalSection
	GlobalSection(SolutionProperties) = preSolution
		HideSolutionNode = FALSE
	EndGlobalSection
	GlobalSection(ExtensibilityGlobals) = postSolution
		SolutionGuid = {16A51C11-E517-46FC-AA86-4D451210FCC3}
	EndGlobalSection
EndGlobal
